
Microsoft Visual Studio Solution File, Format Version 12.00
# Visual Studio 14
VisualStudioVersion = 14.0.25123.0
MinimumVisualStudioVersion = 10.0.40219.1
Project("{FAE04EC0-301F-11D3-BF4B-00C04F79EFBC}") = "Xamarin_Forms_Controls.Droid", "Xamarin Forms Controls\Xamarin_Forms_Controls.Droid\Xamarin_Forms_Controls.Droid.csproj", "{57E9B1F6-885E-407D-BBA1-358E07208C97}"
EndProject
Project("{FAE04EC0-301F-11D3-BF4B-00C04F79EFBC}") = "Xamarin_Forms_Controls.iOS", "Xamarin Forms Controls\Xamarin_Forms_Controls.iOS\Xamarin_Forms_Controls.iOS.csproj", "{15BA80F2-89C1-463B-A87F-8102285ABF52}"
EndProject
Project("{FAE04EC0-301F-11D3-BF4B-00C04F79EFBC}") = "Xamarin_Forms_Controls.WinPhone", "Xamarin Forms Controls\Xamarin_Forms_Controls.WinPhone\Xamarin_Forms_Controls.WinPhone.csproj", "{0CA7DB7D-7B05-48A7-B5DA-FBB09A780945}"
EndProject
Project("{FAE04EC0-301F-11D3-BF4B-00C04F79EFBC}") = "Xamarin_Forms_Controls.UWP", "Xamarin Forms Controls\Xamarin_Forms_Controls.UWP\Xamarin_Forms_Controls.UWP.csproj", "{2E958EA5-A25E-429F-941F-0B077F22B40F}"
EndProject
Project("{FAE04EC0-301F-11D3-BF4B-00C04F79EFBC}") = "Xamarin_Forms_Controls.Windows", "Xamarin Forms Controls\Xamarin_Forms_Controls.Windows\Xamarin_Forms_Controls.Windows.csproj", "{D4E5C22D-6A99-4F7C-A3E0-DD128B7E634D}"
EndProject
Project("{FAE04EC0-301F-11D3-BF4B-00C04F79EFBC}") = "Xamarin_Forms_Controls", "Xamarin Forms Controls\Xamarin_Forms_Controls\Xamarin_Forms_Controls.csproj", "{34946D62-D529-430C-873A-08B38C0788C1}"
EndProject
Global
	GlobalSection(SolutionConfigurationPlatforms) = preSolution
		Ad-Hoc|Any CPU = Ad-Hoc|Any CPU
		Ad-Hoc|ARM = Ad-Hoc|ARM
		Ad-Hoc|iPhone = Ad-Hoc|iPhone
		Ad-Hoc|iPhoneSimulator = Ad-Hoc|iPhoneSimulator
		Ad-Hoc|x64 = Ad-Hoc|x64
		Ad-Hoc|x86 = Ad-Hoc|x86
		AppStore|Any CPU = AppStore|Any CPU
		AppStore|ARM = AppStore|ARM
		AppStore|iPhone = AppStore|iPhone
		AppStore|iPhoneSimulator = AppStore|iPhoneSimulator
		AppStore|x64 = AppStore|x64
		AppStore|x86 = AppStore|x86
		Debug|Any CPU = Debug|Any CPU
		Debug|ARM = Debug|ARM
		Debug|iPhone = Debug|iPhone
		Debug|iPhoneSimulator = Debug|iPhoneSimulator
		Debug|x64 = Debug|x64
		Debug|x86 = Debug|x86
		Release|Any CPU = Release|Any CPU
		Release|ARM = Release|ARM
		Release|iPhone = Release|iPhone
		Release|iPhoneSimulator = Release|iPhoneSimulator
		Release|x64 = Release|x64
		Release|x86 = Release|x86
	EndGlobalSection
	GlobalSection(ProjectConfigurationPlatforms) = postSolution
		{57E9B1F6-885E-407D-BBA1-358E07208C97}.Ad-Hoc|Any CPU.ActiveCfg = Release|Any CPU
		{57E9B1F6-885E-407D-BBA1-358E07208C97}.Ad-Hoc|Any CPU.Build.0 = Release|Any CPU
		{57E9B1F6-885E-407D-BBA1-358E07208C97}.Ad-Hoc|Any CPU.Deploy.0 = Release|Any CPU
		{57E9B1F6-885E-407D-BBA1-358E07208C97}.Ad-Hoc|ARM.ActiveCfg = Release|Any CPU
		{57E9B1F6-885E-407D-BBA1-358E07208C97}.Ad-Hoc|ARM.Build.0 = Release|Any CPU
		{57E9B1F6-885E-407D-BBA1-358E07208C97}.Ad-Hoc|ARM.Deploy.0 = Release|Any CPU
		{57E9B1F6-885E-407D-BBA1-358E07208C97}.Ad-Hoc|iPhone.ActiveCfg = Release|Any CPU
		{57E9B1F6-885E-407D-BBA1-358E07208C97}.Ad-Hoc|iPhone.Build.0 = Release|Any CPU
		{57E9B1F6-885E-407D-BBA1-358E07208C97}.Ad-Hoc|iPhone.Deploy.0 = Release|Any CPU
		{57E9B1F6-885E-407D-BBA1-358E07208C97}.Ad-Hoc|iPhoneSimulator.ActiveCfg = Release|Any CPU
		{57E9B1F6-885E-407D-BBA1-358E07208C97}.Ad-Hoc|iPhoneSimulator.Build.0 = Release|Any CPU
		{57E9B1F6-885E-407D-BBA1-358E07208C97}.Ad-Hoc|iPhoneSimulator.Deploy.0 = Release|Any CPU
		{57E9B1F6-885E-407D-BBA1-358E07208C97}.Ad-Hoc|x64.ActiveCfg = Release|Any CPU
		{57E9B1F6-885E-407D-BBA1-358E07208C97}.Ad-Hoc|x64.Build.0 = Release|Any CPU
		{57E9B1F6-885E-407D-BBA1-358E07208C97}.Ad-Hoc|x64.Deploy.0 = Release|Any CPU
		{57E9B1F6-885E-407D-BBA1-358E07208C97}.Ad-Hoc|x86.ActiveCfg = Release|Any CPU
		{57E9B1F6-885E-407D-BBA1-358E07208C97}.Ad-Hoc|x86.Build.0 = Release|Any CPU
		{57E9B1F6-885E-407D-BBA1-358E07208C97}.Ad-Hoc|x86.Deploy.0 = Release|Any CPU
		{57E9B1F6-885E-407D-BBA1-358E07208C97}.AppStore|Any CPU.ActiveCfg = Release|Any CPU
		{57E9B1F6-885E-407D-BBA1-358E07208C97}.AppStore|Any CPU.Build.0 = Release|Any CPU
		{57E9B1F6-885E-407D-BBA1-358E07208C97}.AppStore|Any CPU.Deploy.0 = Release|Any CPU
		{57E9B1F6-885E-407D-BBA1-358E07208C97}.AppStore|ARM.ActiveCfg = Release|Any CPU
		{57E9B1F6-885E-407D-BBA1-358E07208C97}.AppStore|ARM.Build.0 = Release|Any CPU
		{57E9B1F6-885E-407D-BBA1-358E07208C97}.AppStore|ARM.Deploy.0 = Release|Any CPU
		{57E9B1F6-885E-407D-BBA1-358E07208C97}.AppStore|iPhone.ActiveCfg = Release|Any CPU
		{57E9B1F6-885E-407D-BBA1-358E07208C97}.AppStore|iPhone.Build.0 = Release|Any CPU
		{57E9B1F6-885E-407D-BBA1-358E07208C97}.AppStore|iPhone.Deploy.0 = Release|Any CPU
		{57E9B1F6-885E-407D-BBA1-358E07208C97}.AppStore|iPhoneSimulator.ActiveCfg = Release|Any CPU
		{57E9B1F6-885E-407D-BBA1-358E07208C97}.AppStore|iPhoneSimulator.Build.0 = Release|Any CPU
		{57E9B1F6-885E-407D-BBA1-358E07208C97}.AppStore|iPhoneSimulator.Deploy.0 = Release|Any CPU
		{57E9B1F6-885E-407D-BBA1-358E07208C97}.AppStore|x64.ActiveCfg = Release|Any CPU
		{57E9B1F6-885E-407D-BBA1-358E07208C97}.AppStore|x64.Build.0 = Release|Any CPU
		{57E9B1F6-885E-407D-BBA1-358E07208C97}.AppStore|x64.Deploy.0 = Release|Any CPU
		{57E9B1F6-885E-407D-BBA1-358E07208C97}.AppStore|x86.ActiveCfg = Release|Any CPU
		{57E9B1F6-885E-407D-BBA1-358E07208C97}.AppStore|x86.Build.0 = Release|Any CPU
		{57E9B1F6-885E-407D-BBA1-358E07208C97}.AppStore|x86.Deploy.0 = Release|Any CPU
		{57E9B1F6-885E-407D-BBA1-358E07208C97}.Debug|Any CPU.ActiveCfg = Debug|Any CPU
		{57E9B1F6-885E-407D-BBA1-358E07208C97}.Debug|Any CPU.Build.0 = Debug|Any CPU
		{57E9B1F6-885E-407D-BBA1-358E07208C97}.Debug|Any CPU.Deploy.0 = Debug|Any CPU
		{57E9B1F6-885E-407D-BBA1-358E07208C97}.Debug|ARM.ActiveCfg = Debug|Any CPU
		{57E9B1F6-885E-407D-BBA1-358E07208C97}.Debug|ARM.Build.0 = Debug|Any CPU
		{57E9B1F6-885E-407D-BBA1-358E07208C97}.Debug|ARM.Deploy.0 = Debug|Any CPU
		{57E9B1F6-885E-407D-BBA1-358E07208C97}.Debug|iPhone.ActiveCfg = Debug|Any CPU
		{57E9B1F6-885E-407D-BBA1-358E07208C97}.Debug|iPhone.Build.0 = Debug|Any CPU
		{57E9B1F6-885E-407D-BBA1-358E07208C97}.Debug|iPhone.Deploy.0 = Debug|Any CPU
		{57E9B1F6-885E-407D-BBA1-358E07208C97}.Debug|iPhoneSimulator.ActiveCfg = Debug|Any CPU
		{57E9B1F6-885E-407D-BBA1-358E07208C97}.Debug|iPhoneSimulator.Build.0 = Debug|Any CPU
		{57E9B1F6-885E-407D-BBA1-358E07208C97}.Debug|iPhoneSimulator.Deploy.0 = Debug|Any CPU
		{57E9B1F6-885E-407D-BBA1-358E07208C97}.Debug|x64.ActiveCfg = Debug|Any CPU
		{57E9B1F6-885E-407D-BBA1-358E07208C97}.Debug|x64.Build.0 = Debug|Any CPU
		{57E9B1F6-885E-407D-BBA1-358E07208C97}.Debug|x64.Deploy.0 = Debug|Any CPU
		{57E9B1F6-885E-407D-BBA1-358E07208C97}.Debug|x86.ActiveCfg = Debug|Any CPU
		{57E9B1F6-885E-407D-BBA1-358E07208C97}.Debug|x86.Build.0 = Debug|Any CPU
		{57E9B1F6-885E-407D-BBA1-358E07208C97}.Debug|x86.Deploy.0 = Debug|Any CPU
		{57E9B1F6-885E-407D-BBA1-358E07208C97}.Release|Any CPU.ActiveCfg = Release|Any CPU
		{57E9B1F6-885E-407D-BBA1-358E07208C97}.Release|Any CPU.Build.0 = Release|Any CPU
		{57E9B1F6-885E-407D-BBA1-358E07208C97}.Release|Any CPU.Deploy.0 = Release|Any CPU
		{57E9B1F6-885E-407D-BBA1-358E07208C97}.Release|ARM.ActiveCfg = Release|Any CPU
		{57E9B1F6-885E-407D-BBA1-358E07208C97}.Release|ARM.Build.0 = Release|Any CPU
		{57E9B1F6-885E-407D-BBA1-358E07208C97}.Release|ARM.Deploy.0 = Release|Any CPU
		{57E9B1F6-885E-407D-BBA1-358E07208C97}.Release|iPhone.ActiveCfg = Release|Any CPU
		{57E9B1F6-885E-407D-BBA1-358E07208C97}.Release|iPhone.Build.0 = Release|Any CPU
		{57E9B1F6-885E-407D-BBA1-358E07208C97}.Release|iPhone.Deploy.0 = Release|Any CPU
		{57E9B1F6-885E-407D-BBA1-358E07208C97}.Release|iPhoneSimulator.ActiveCfg = Release|Any CPU
		{57E9B1F6-885E-407D-BBA1-358E07208C97}.Release|iPhoneSimulator.Build.0 = Release|Any CPU
		{57E9B1F6-885E-407D-BBA1-358E07208C97}.Release|iPhoneSimulator.Deploy.0 = Release|Any CPU
		{57E9B1F6-885E-407D-BBA1-358E07208C97}.Release|x64.ActiveCfg = Release|Any CPU
		{57E9B1F6-885E-407D-BBA1-358E07208C97}.Release|x64.Build.0 = Release|Any CPU
		{57E9B1F6-885E-407D-BBA1-358E07208C97}.Release|x64.Deploy.0 = Release|Any CPU
		{57E9B1F6-885E-407D-BBA1-358E07208C97}.Release|x86.ActiveCfg = Release|Any CPU
		{57E9B1F6-885E-407D-BBA1-358E07208C97}.Release|x86.Build.0 = Release|Any CPU
		{57E9B1F6-885E-407D-BBA1-358E07208C97}.Release|x86.Deploy.0 = Release|Any CPU
		{15BA80F2-89C1-463B-A87F-8102285ABF52}.Ad-Hoc|Any CPU.ActiveCfg = Ad-Hoc|iPhone
		{15BA80F2-89C1-463B-A87F-8102285ABF52}.Ad-Hoc|ARM.ActiveCfg = Ad-Hoc|iPhone
		{15BA80F2-89C1-463B-A87F-8102285ABF52}.Ad-Hoc|iPhone.ActiveCfg = Ad-Hoc|iPhone
		{15BA80F2-89C1-463B-A87F-8102285ABF52}.Ad-Hoc|iPhone.Build.0 = Ad-Hoc|iPhone
		{15BA80F2-89C1-463B-A87F-8102285ABF52}.Ad-Hoc|iPhoneSimulator.ActiveCfg = Ad-Hoc|iPhoneSimulator
		{15BA80F2-89C1-463B-A87F-8102285ABF52}.Ad-Hoc|iPhoneSimulator.Build.0 = Ad-Hoc|iPhoneSimulator
		{15BA80F2-89C1-463B-A87F-8102285ABF52}.Ad-Hoc|x64.ActiveCfg = Ad-Hoc|iPhone
		{15BA80F2-89C1-463B-A87F-8102285ABF52}.Ad-Hoc|x86.ActiveCfg = Ad-Hoc|iPhone
		{15BA80F2-89C1-463B-A87F-8102285ABF52}.AppStore|Any CPU.ActiveCfg = AppStore|iPhone
		{15BA80F2-89C1-463B-A87F-8102285ABF52}.AppStore|ARM.ActiveCfg = AppStore|iPhone
		{15BA80F2-89C1-463B-A87F-8102285ABF52}.AppStore|iPhone.ActiveCfg = AppStore|iPhone
		{15BA80F2-89C1-463B-A87F-8102285ABF52}.AppStore|iPhone.Build.0 = AppStore|iPhone
		{15BA80F2-89C1-463B-A87F-8102285ABF52}.AppStore|iPhoneSimulator.ActiveCfg = AppStore|iPhoneSimulator
		{15BA80F2-89C1-463B-A87F-8102285ABF52}.AppStore|iPhoneSimulator.Build.0 = AppStore|iPhoneSimulator
		{15BA80F2-89C1-463B-A87F-8102285ABF52}.AppStore|x64.ActiveCfg = AppStore|iPhone
		{15BA80F2-89C1-463B-A87F-8102285ABF52}.AppStore|x86.ActiveCfg = AppStore|iPhone
		{15BA80F2-89C1-463B-A87F-8102285ABF52}.Debug|Any CPU.ActiveCfg = Debug|iPhone
		{15BA80F2-89C1-463B-A87F-8102285ABF52}.Debug|ARM.ActiveCfg = Debug|iPhone
		{15BA80F2-89C1-463B-A87F-8102285ABF52}.Debug|iPhone.ActiveCfg = Debug|iPhone
		{15BA80F2-89C1-463B-A87F-8102285ABF52}.Debug|iPhone.Build.0 = Debug|iPhone
		{15BA80F2-89C1-463B-A87F-8102285ABF52}.Debug|iPhoneSimulator.ActiveCfg = Debug|iPhoneSimulator
		{15BA80F2-89C1-463B-A87F-8102285ABF52}.Debug|iPhoneSimulator.Build.0 = Debug|iPhoneSimulator
		{15BA80F2-89C1-463B-A87F-8102285ABF52}.Debug|x64.ActiveCfg = Debug|iPhone
		{15BA80F2-89C1-463B-A87F-8102285ABF52}.Debug|x86.ActiveCfg = Debug|iPhone
		{15BA80F2-89C1-463B-A87F-8102285ABF52}.Release|Any CPU.ActiveCfg = Release|iPhone
		{15BA80F2-89C1-463B-A87F-8102285ABF52}.Release|ARM.ActiveCfg = Release|iPhone
		{15BA80F2-89C1-463B-A87F-8102285ABF52}.Release|iPhone.ActiveCfg = Release|iPhone
		{15BA80F2-89C1-463B-A87F-8102285ABF52}.Release|iPhone.Build.0 = Release|iPhone
		{15BA80F2-89C1-463B-A87F-8102285ABF52}.Release|iPhoneSimulator.ActiveCfg = Release|iPhoneSimulator
		{15BA80F2-89C1-463B-A87F-8102285ABF52}.Release|iPhoneSimulator.Build.0 = Release|iPhoneSimulator
		{15BA80F2-89C1-463B-A87F-8102285ABF52}.Release|x64.ActiveCfg = Release|iPhone
		{15BA80F2-89C1-463B-A87F-8102285ABF52}.Release|x86.ActiveCfg = Release|iPhone
		{0CA7DB7D-7B05-48A7-B5DA-FBB09A780945}.Ad-Hoc|Any CPU.ActiveCfg = Release|Any CPU
		{0CA7DB7D-7B05-48A7-B5DA-FBB09A780945}.Ad-Hoc|Any CPU.Build.0 = Release|Any CPU
		{0CA7DB7D-7B05-48A7-B5DA-FBB09A780945}.Ad-Hoc|Any CPU.Deploy.0 = Release|Any CPU
		{0CA7DB7D-7B05-48A7-B5DA-FBB09A780945}.Ad-Hoc|ARM.ActiveCfg = Release|ARM
		{0CA7DB7D-7B05-48A7-B5DA-FBB09A780945}.Ad-Hoc|ARM.Build.0 = Release|ARM
		{0CA7DB7D-7B05-48A7-B5DA-FBB09A780945}.Ad-Hoc|ARM.Deploy.0 = Release|ARM
		{0CA7DB7D-7B05-48A7-B5DA-FBB09A780945}.Ad-Hoc|iPhone.ActiveCfg = Release|Any CPU
		{0CA7DB7D-7B05-48A7-B5DA-FBB09A780945}.Ad-Hoc|iPhone.Build.0 = Release|Any CPU
		{0CA7DB7D-7B05-48A7-B5DA-FBB09A780945}.Ad-Hoc|iPhone.Deploy.0 = Release|Any CPU
		{0CA7DB7D-7B05-48A7-B5DA-FBB09A780945}.Ad-Hoc|iPhoneSimulator.ActiveCfg = Release|Any CPU
		{0CA7DB7D-7B05-48A7-B5DA-FBB09A780945}.Ad-Hoc|iPhoneSimulator.Build.0 = Release|Any CPU
		{0CA7DB7D-7B05-48A7-B5DA-FBB09A780945}.Ad-Hoc|iPhoneSimulator.Deploy.0 = Release|Any CPU
		{0CA7DB7D-7B05-48A7-B5DA-FBB09A780945}.Ad-Hoc|x64.ActiveCfg = Release|Any CPU
		{0CA7DB7D-7B05-48A7-B5DA-FBB09A780945}.Ad-Hoc|x64.Build.0 = Release|Any CPU
		{0CA7DB7D-7B05-48A7-B5DA-FBB09A780945}.Ad-Hoc|x64.Deploy.0 = Release|Any CPU
		{0CA7DB7D-7B05-48A7-B5DA-FBB09A780945}.Ad-Hoc|x86.ActiveCfg = Release|x86
		{0CA7DB7D-7B05-48A7-B5DA-FBB09A780945}.Ad-Hoc|x86.Build.0 = Release|x86
		{0CA7DB7D-7B05-48A7-B5DA-FBB09A780945}.Ad-Hoc|x86.Deploy.0 = Release|x86
		{0CA7DB7D-7B05-48A7-B5DA-FBB09A780945}.AppStore|Any CPU.ActiveCfg = Release|Any CPU
		{0CA7DB7D-7B05-48A7-B5DA-FBB09A780945}.AppStore|Any CPU.Build.0 = Release|Any CPU
		{0CA7DB7D-7B05-48A7-B5DA-FBB09A780945}.AppStore|Any CPU.Deploy.0 = Release|Any CPU
		{0CA7DB7D-7B05-48A7-B5DA-FBB09A780945}.AppStore|ARM.ActiveCfg = Release|ARM
		{0CA7DB7D-7B05-48A7-B5DA-FBB09A780945}.AppStore|ARM.Build.0 = Release|ARM
		{0CA7DB7D-7B05-48A7-B5DA-FBB09A780945}.AppStore|ARM.Deploy.0 = Release|ARM
		{0CA7DB7D-7B05-48A7-B5DA-FBB09A780945}.AppStore|iPhone.ActiveCfg = Release|Any CPU
		{0CA7DB7D-7B05-48A7-B5DA-FBB09A780945}.AppStore|iPhone.Build.0 = Release|Any CPU
		{0CA7DB7D-7B05-48A7-B5DA-FBB09A780945}.AppStore|iPhone.Deploy.0 = Release|Any CPU
		{0CA7DB7D-7B05-48A7-B5DA-FBB09A780945}.AppStore|iPhoneSimulator.ActiveCfg = Release|Any CPU
		{0CA7DB7D-7B05-48A7-B5DA-FBB09A780945}.AppStore|iPhoneSimulator.Build.0 = Release|Any CPU
		{0CA7DB7D-7B05-48A7-B5DA-FBB09A780945}.AppStore|iPhoneSimulator.Deploy.0 = Release|Any CPU
		{0CA7DB7D-7B05-48A7-B5DA-FBB09A780945}.AppStore|x64.ActiveCfg = Release|Any CPU
		{0CA7DB7D-7B05-48A7-B5DA-FBB09A780945}.AppStore|x64.Build.0 = Release|Any CPU
		{0CA7DB7D-7B05-48A7-B5DA-FBB09A780945}.AppStore|x64.Deploy.0 = Release|Any CPU
		{0CA7DB7D-7B05-48A7-B5DA-FBB09A780945}.AppStore|x86.ActiveCfg = Release|x86
		{0CA7DB7D-7B05-48A7-B5DA-FBB09A780945}.AppStore|x86.Build.0 = Release|x86
		{0CA7DB7D-7B05-48A7-B5DA-FBB09A780945}.AppStore|x86.Deploy.0 = Release|x86
		{0CA7DB7D-7B05-48A7-B5DA-FBB09A780945}.Debug|Any CPU.ActiveCfg = Debug|Any CPU
		{0CA7DB7D-7B05-48A7-B5DA-FBB09A780945}.Debug|Any CPU.Build.0 = Debug|Any CPU
		{0CA7DB7D-7B05-48A7-B5DA-FBB09A780945}.Debug|Any CPU.Deploy.0 = Debug|Any CPU
		{0CA7DB7D-7B05-48A7-B5DA-FBB09A780945}.Debug|ARM.ActiveCfg = Debug|ARM
		{0CA7DB7D-7B05-48A7-B5DA-FBB09A780945}.Debug|ARM.Build.0 = Debug|ARM
		{0CA7DB7D-7B05-48A7-B5DA-FBB09A780945}.Debug|ARM.Deploy.0 = Debug|ARM
		{0CA7DB7D-7B05-48A7-B5DA-FBB09A780945}.Debug|iPhone.ActiveCfg = Debug|Any CPU
		{0CA7DB7D-7B05-48A7-B5DA-FBB09A780945}.Debug|iPhone.Build.0 = Debug|Any CPU
		{0CA7DB7D-7B05-48A7-B5DA-FBB09A780945}.Debug|iPhone.Deploy.0 = Debug|Any CPU
		{0CA7DB7D-7B05-48A7-B5DA-FBB09A780945}.Debug|iPhoneSimulator.ActiveCfg = Debug|Any CPU
		{0CA7DB7D-7B05-48A7-B5DA-FBB09A780945}.Debug|iPhoneSimulator.Build.0 = Debug|Any CPU
		{0CA7DB7D-7B05-48A7-B5DA-FBB09A780945}.Debug|iPhoneSimulator.Deploy.0 = Debug|Any CPU
		{0CA7DB7D-7B05-48A7-B5DA-FBB09A780945}.Debug|x64.ActiveCfg = Debug|Any CPU
		{0CA7DB7D-7B05-48A7-B5DA-FBB09A780945}.Debug|x64.Build.0 = Debug|Any CPU
		{0CA7DB7D-7B05-48A7-B5DA-FBB09A780945}.Debug|x64.Deploy.0 = Debug|Any CPU
		{0CA7DB7D-7B05-48A7-B5DA-FBB09A780945}.Debug|x86.ActiveCfg = Debug|x86
		{0CA7DB7D-7B05-48A7-B5DA-FBB09A780945}.Debug|x86.Build.0 = Debug|x86
		{0CA7DB7D-7B05-48A7-B5DA-FBB09A780945}.Debug|x86.Deploy.0 = Debug|x86
		{0CA7DB7D-7B05-48A7-B5DA-FBB09A780945}.Release|Any CPU.ActiveCfg = Release|Any CPU
		{0CA7DB7D-7B05-48A7-B5DA-FBB09A780945}.Release|Any CPU.Build.0 = Release|Any CPU
		{0CA7DB7D-7B05-48A7-B5DA-FBB09A780945}.Release|Any CPU.Deploy.0 = Release|Any CPU
		{0CA7DB7D-7B05-48A7-B5DA-FBB09A780945}.Release|ARM.ActiveCfg = Release|ARM
		{0CA7DB7D-7B05-48A7-B5DA-FBB09A780945}.Release|ARM.Build.0 = Release|ARM
		{0CA7DB7D-7B05-48A7-B5DA-FBB09A780945}.Release|ARM.Deploy.0 = Release|ARM
		{0CA7DB7D-7B05-48A7-B5DA-FBB09A780945}.Release|iPhone.ActiveCfg = Release|Any CPU
		{0CA7DB7D-7B05-48A7-B5DA-FBB09A780945}.Release|iPhone.Build.0 = Release|Any CPU
		{0CA7DB7D-7B05-48A7-B5DA-FBB09A780945}.Release|iPhone.Deploy.0 = Release|Any CPU
		{0CA7DB7D-7B05-48A7-B5DA-FBB09A780945}.Release|iPhoneSimulator.ActiveCfg = Release|Any CPU
		{0CA7DB7D-7B05-48A7-B5DA-FBB09A780945}.Release|iPhoneSimulator.Build.0 = Release|Any CPU
		{0CA7DB7D-7B05-48A7-B5DA-FBB09A780945}.Release|iPhoneSimulator.Deploy.0 = Release|Any CPU
		{0CA7DB7D-7B05-48A7-B5DA-FBB09A780945}.Release|x64.ActiveCfg = Release|Any CPU
		{0CA7DB7D-7B05-48A7-B5DA-FBB09A780945}.Release|x64.Build.0 = Release|Any CPU
		{0CA7DB7D-7B05-48A7-B5DA-FBB09A780945}.Release|x64.Deploy.0 = Release|Any CPU
		{0CA7DB7D-7B05-48A7-B5DA-FBB09A780945}.Release|x86.ActiveCfg = Release|x86
		{0CA7DB7D-7B05-48A7-B5DA-FBB09A780945}.Release|x86.Build.0 = Release|x86
		{0CA7DB7D-7B05-48A7-B5DA-FBB09A780945}.Release|x86.Deploy.0 = Release|x86
		{2E958EA5-A25E-429F-941F-0B077F22B40F}.Ad-Hoc|Any CPU.ActiveCfg = Release|x86
		{2E958EA5-A25E-429F-941F-0B077F22B40F}.Ad-Hoc|Any CPU.Build.0 = Release|x86
		{2E958EA5-A25E-429F-941F-0B077F22B40F}.Ad-Hoc|Any CPU.Deploy.0 = Release|x86
		{2E958EA5-A25E-429F-941F-0B077F22B40F}.Ad-Hoc|ARM.ActiveCfg = Release|ARM
		{2E958EA5-A25E-429F-941F-0B077F22B40F}.Ad-Hoc|ARM.Build.0 = Release|ARM
		{2E958EA5-A25E-429F-941F-0B077F22B40F}.Ad-Hoc|ARM.Deploy.0 = Release|ARM
		{2E958EA5-A25E-429F-941F-0B077F22B40F}.Ad-Hoc|iPhone.ActiveCfg = Release|x86
		{2E958EA5-A25E-429F-941F-0B077F22B40F}.Ad-Hoc|iPhone.Build.0 = Release|x86
		{2E958EA5-A25E-429F-941F-0B077F22B40F}.Ad-Hoc|iPhone.Deploy.0 = Release|x86
		{2E958EA5-A25E-429F-941F-0B077F22B40F}.Ad-Hoc|iPhoneSimulator.ActiveCfg = Release|x86
		{2E958EA5-A25E-429F-941F-0B077F22B40F}.Ad-Hoc|iPhoneSimulator.Build.0 = Release|x86
		{2E958EA5-A25E-429F-941F-0B077F22B40F}.Ad-Hoc|iPhoneSimulator.Deploy.0 = Release|x86
		{2E958EA5-A25E-429F-941F-0B077F22B40F}.Ad-Hoc|x64.ActiveCfg = Release|x64
		{2E958EA5-A25E-429F-941F-0B077F22B40F}.Ad-Hoc|x64.Build.0 = Release|x64
		{2E958EA5-A25E-429F-941F-0B077F22B40F}.Ad-Hoc|x64.Deploy.0 = Release|x64
		{2E958EA5-A25E-429F-941F-0B077F22B40F}.Ad-Hoc|x86.ActiveCfg = Release|x86
		{2E958EA5-A25E-429F-941F-0B077F22B40F}.Ad-Hoc|x86.Build.0 = Release|x86
		{2E958EA5-A25E-429F-941F-0B077F22B40F}.Ad-Hoc|x86.Deploy.0 = Release|x86
		{2E958EA5-A25E-429F-941F-0B077F22B40F}.AppStore|Any CPU.ActiveCfg = Release|x86
		{2E958EA5-A25E-429F-941F-0B077F22B40F}.AppStore|Any CPU.Build.0 = Release|x86
		{2E958EA5-A25E-429F-941F-0B077F22B40F}.AppStore|Any CPU.Deploy.0 = Release|x86
		{2E958EA5-A25E-429F-941F-0B077F22B40F}.AppStore|ARM.ActiveCfg = Release|ARM
		{2E958EA5-A25E-429F-941F-0B077F22B40F}.AppStore|ARM.Build.0 = Release|ARM
		{2E958EA5-A25E-429F-941F-0B077F22B40F}.AppStore|ARM.Deploy.0 = Release|ARM
		{2E958EA5-A25E-429F-941F-0B077F22B40F}.AppStore|iPhone.ActiveCfg = Release|x86
		{2E958EA5-A25E-429F-941F-0B077F22B40F}.AppStore|iPhone.Build.0 = Release|x86
		{2E958EA5-A25E-429F-941F-0B077F22B40F}.AppStore|iPhone.Deploy.0 = Release|x86
		{2E958EA5-A25E-429F-941F-0B077F22B40F}.AppStore|iPhoneSimulator.ActiveCfg = Release|x86
		{2E958EA5-A25E-429F-941F-0B077F22B40F}.AppStore|iPhoneSimulator.Build.0 = Release|x86
		{2E958EA5-A25E-429F-941F-0B077F22B40F}.AppStore|iPhoneSimulator.Deploy.0 = Release|x86
		{2E958EA5-A25E-429F-941F-0B077F22B40F}.AppStore|x64.ActiveCfg = Release|x64
		{2E958EA5-A25E-429F-941F-0B077F22B40F}.AppStore|x64.Build.0 = Release|x64
		{2E958EA5-A25E-429F-941F-0B077F22B40F}.AppStore|x64.Deploy.0 = Release|x64
		{2E958EA5-A25E-429F-941F-0B077F22B40F}.AppStore|x86.ActiveCfg = Release|x86
		{2E958EA5-A25E-429F-941F-0B077F22B40F}.AppStore|x86.Build.0 = Release|x86
		{2E958EA5-A25E-429F-941F-0B077F22B40F}.AppStore|x86.Deploy.0 = Release|x86
		{2E958EA5-A25E-429F-941F-0B077F22B40F}.Debug|Any CPU.ActiveCfg = Debug|x86
		{2E958EA5-A25E-429F-941F-0B077F22B40F}.Debug|ARM.ActiveCfg = Debug|ARM
		{2E958EA5-A25E-429F-941F-0B077F22B40F}.Debug|ARM.Build.0 = Debug|ARM
		{2E958EA5-A25E-429F-941F-0B077F22B40F}.Debug|ARM.Deploy.0 = Debug|ARM
		{2E958EA5-A25E-429F-941F-0B077F22B40F}.Debug|iPhone.ActiveCfg = Debug|x86
		{2E958EA5-A25E-429F-941F-0B077F22B40F}.Debug|iPhoneSimulator.ActiveCfg = Debug|x86
		{2E958EA5-A25E-429F-941F-0B077F22B40F}.Debug|x64.ActiveCfg = Debug|x64
		{2E958EA5-A25E-429F-941F-0B077F22B40F}.Debug|x64.Build.0 = Debug|x64
		{2E958EA5-A25E-429F-941F-0B077F22B40F}.Debug|x64.Deploy.0 = Debug|x64
		{2E958EA5-A25E-429F-941F-0B077F22B40F}.Debug|x86.ActiveCfg = Debug|x86
		{2E958EA5-A25E-429F-941F-0B077F22B40F}.Debug|x86.Build.0 = Debug|x86
		{2E958EA5-A25E-429F-941F-0B077F22B40F}.Debug|x86.Deploy.0 = Debug|x86
		{2E958EA5-A25E-429F-941F-0B077F22B40F}.Release|Any CPU.ActiveCfg = Release|x86
		{2E958EA5-A25E-429F-941F-0B077F22B40F}.Release|ARM.ActiveCfg = Release|ARM
		{2E958EA5-A25E-429F-941F-0B077F22B40F}.Release|ARM.Build.0 = Release|ARM
		{2E958EA5-A25E-429F-941F-0B077F22B40F}.Release|ARM.Deploy.0 = Release|ARM
		{2E958EA5-A25E-429F-941F-0B077F22B40F}.Release|iPhone.ActiveCfg = Release|x86
		{2E958EA5-A25E-429F-941F-0B077F22B40F}.Release|iPhoneSimulator.ActiveCfg = Release|x86
		{2E958EA5-A25E-429F-941F-0B077F22B40F}.Release|x64.ActiveCfg = Release|x64
		{2E958EA5-A25E-429F-941F-0B077F22B40F}.Release|x64.Build.0 = Release|x64
		{2E958EA5-A25E-429F-941F-0B077F22B40F}.Release|x64.Deploy.0 = Release|x64
		{2E958EA5-A25E-429F-941F-0B077F22B40F}.Release|x86.ActiveCfg = Release|x86
		{2E958EA5-A25E-429F-941F-0B077F22B40F}.Release|x86.Build.0 = Release|x86
		{2E958EA5-A25E-429F-941F-0B077F22B40F}.Release|x86.Deploy.0 = Release|x86
		{D4E5C22D-6A99-4F7C-A3E0-DD128B7E634D}.Ad-Hoc|Any CPU.ActiveCfg = Release|Any CPU
		{D4E5C22D-6A99-4F7C-A3E0-DD128B7E634D}.Ad-Hoc|Any CPU.Build.0 = Release|Any CPU
		{D4E5C22D-6A99-4F7C-A3E0-DD128B7E634D}.Ad-Hoc|Any CPU.Deploy.0 = Release|Any CPU
		{D4E5C22D-6A99-4F7C-A3E0-DD128B7E634D}.Ad-Hoc|ARM.ActiveCfg = Release|ARM
		{D4E5C22D-6A99-4F7C-A3E0-DD128B7E634D}.Ad-Hoc|ARM.Build.0 = Release|ARM
		{D4E5C22D-6A99-4F7C-A3E0-DD128B7E634D}.Ad-Hoc|ARM.Deploy.0 = Release|ARM
		{D4E5C22D-6A99-4F7C-A3E0-DD128B7E634D}.Ad-Hoc|iPhone.ActiveCfg = Release|Any CPU
		{D4E5C22D-6A99-4F7C-A3E0-DD128B7E634D}.Ad-Hoc|iPhone.Build.0 = Release|Any CPU
		{D4E5C22D-6A99-4F7C-A3E0-DD128B7E634D}.Ad-Hoc|iPhone.Deploy.0 = Release|Any CPU
		{D4E5C22D-6A99-4F7C-A3E0-DD128B7E634D}.Ad-Hoc|iPhoneSimulator.ActiveCfg = Release|Any CPU
		{D4E5C22D-6A99-4F7C-A3E0-DD128B7E634D}.Ad-Hoc|iPhoneSimulator.Build.0 = Release|Any CPU
		{D4E5C22D-6A99-4F7C-A3E0-DD128B7E634D}.Ad-Hoc|iPhoneSimulator.Deploy.0 = Release|Any CPU
		{D4E5C22D-6A99-4F7C-A3E0-DD128B7E634D}.Ad-Hoc|x64.ActiveCfg = Release|x64
		{D4E5C22D-6A99-4F7C-A3E0-DD128B7E634D}.Ad-Hoc|x64.Build.0 = Release|x64
		{D4E5C22D-6A99-4F7C-A3E0-DD128B7E634D}.Ad-Hoc|x64.Deploy.0 = Release|x64
		{D4E5C22D-6A99-4F7C-A3E0-DD128B7E634D}.Ad-Hoc|x86.ActiveCfg = Release|x86
		{D4E5C22D-6A99-4F7C-A3E0-DD128B7E634D}.Ad-Hoc|x86.Build.0 = Release|x86
		{D4E5C22D-6A99-4F7C-A3E0-DD128B7E634D}.Ad-Hoc|x86.Deploy.0 = Release|x86
		{D4E5C22D-6A99-4F7C-A3E0-DD128B7E634D}.AppStore|Any CPU.ActiveCfg = Release|Any CPU
		{D4E5C22D-6A99-4F7C-A3E0-DD128B7E634D}.AppStore|Any CPU.Build.0 = Release|Any CPU
		{D4E5C22D-6A99-4F7C-A3E0-DD128B7E634D}.AppStore|Any CPU.Deploy.0 = Release|Any CPU
		{D4E5C22D-6A99-4F7C-A3E0-DD128B7E634D}.AppStore|ARM.ActiveCfg = Release|ARM
		{D4E5C22D-6A99-4F7C-A3E0-DD128B7E634D}.AppStore|ARM.Build.0 = Release|ARM
		{D4E5C22D-6A99-4F7C-A3E0-DD128B7E634D}.AppStore|ARM.Deploy.0 = Release|ARM
		{D4E5C22D-6A99-4F7C-A3E0-DD128B7E634D}.AppStore|iPhone.ActiveCfg = Release|Any CPU
		{D4E5C22D-6A99-4F7C-A3E0-DD128B7E634D}.AppStore|iPhone.Build.0 = Release|Any CPU
		{D4E5C22D-6A99-4F7C-A3E0-DD128B7E634D}.AppStore|iPhone.Deploy.0 = Release|Any CPU
		{D4E5C22D-6A99-4F7C-A3E0-DD128B7E634D}.AppStore|iPhoneSimulator.ActiveCfg = Release|Any CPU
		{D4E5C22D-6A99-4F7C-A3E0-DD128B7E634D}.AppStore|iPhoneSimulator.Build.0 = Release|Any CPU
		{D4E5C22D-6A99-4F7C-A3E0-DD128B7E634D}.AppStore|iPhoneSimulator.Deploy.0 = Release|Any CPU
		{D4E5C22D-6A99-4F7C-A3E0-DD128B7E634D}.AppStore|x64.ActiveCfg = Release|x64
		{D4E5C22D-6A99-4F7C-A3E0-DD128B7E634D}.AppStore|x64.Build.0 = Release|x64
		{D4E5C22D-6A99-4F7C-A3E0-DD128B7E634D}.AppStore|x64.Deploy.0 = Release|x64
		{D4E5C22D-6A99-4F7C-A3E0-DD128B7E634D}.AppStore|x86.ActiveCfg = Release|x86
		{D4E5C22D-6A99-4F7C-A3E0-DD128B7E634D}.AppStore|x86.Build.0 = Release|x86
		{D4E5C22D-6A99-4F7C-A3E0-DD128B7E634D}.AppStore|x86.Deploy.0 = Release|x86
		{D4E5C22D-6A99-4F7C-A3E0-DD128B7E634D}.Debug|Any CPU.ActiveCfg = Debug|Any CPU
		{D4E5C22D-6A99-4F7C-A3E0-DD128B7E634D}.Debug|Any CPU.Build.0 = Debug|Any CPU
		{D4E5C22D-6A99-4F7C-A3E0-DD128B7E634D}.Debug|Any CPU.Deploy.0 = Debug|Any CPU
		{D4E5C22D-6A99-4F7C-A3E0-DD128B7E634D}.Debug|ARM.ActiveCfg = Debug|ARM
		{D4E5C22D-6A99-4F7C-A3E0-DD128B7E634D}.Debug|ARM.Build.0 = Debug|ARM
		{D4E5C22D-6A99-4F7C-A3E0-DD128B7E634D}.Debug|ARM.Deploy.0 = Debug|ARM
		{D4E5C22D-6A99-4F7C-A3E0-DD128B7E634D}.Debug|iPhone.ActiveCfg = Debug|Any CPU
		{D4E5C22D-6A99-4F7C-A3E0-DD128B7E634D}.Debug|iPhone.Build.0 = Debug|Any CPU
		{D4E5C22D-6A99-4F7C-A3E0-DD128B7E634D}.Debug|iPhone.Deploy.0 = Debug|Any CPU
		{D4E5C22D-6A99-4F7C-A3E0-DD128B7E634D}.Debug|iPhoneSimulator.ActiveCfg = Debug|Any CPU
		{D4E5C22D-6A99-4F7C-A3E0-DD128B7E634D}.Debug|iPhoneSimulator.Build.0 = Debug|Any CPU
		{D4E5C22D-6A99-4F7C-A3E0-DD128B7E634D}.Debug|iPhoneSimulator.Deploy.0 = Debug|Any CPU
		{D4E5C22D-6A99-4F7C-A3E0-DD128B7E634D}.Debug|x64.ActiveCfg = Debug|x64
		{D4E5C22D-6A99-4F7C-A3E0-DD128B7E634D}.Debug|x64.Build.0 = Debug|x64
		{D4E5C22D-6A99-4F7C-A3E0-DD128B7E634D}.Debug|x64.Deploy.0 = Debug|x64
		{D4E5C22D-6A99-4F7C-A3E0-DD128B7E634D}.Debug|x86.ActiveCfg = Debug|x86
		{D4E5C22D-6A99-4F7C-A3E0-DD128B7E634D}.Debug|x86.Build.0 = Debug|x86
		{D4E5C22D-6A99-4F7C-A3E0-DD128B7E634D}.Debug|x86.Deploy.0 = Debug|x86
		{D4E5C22D-6A99-4F7C-A3E0-DD128B7E634D}.Release|Any CPU.ActiveCfg = Release|Any CPU
		{D4E5C22D-6A99-4F7C-A3E0-DD128B7E634D}.Release|Any CPU.Build.0 = Release|Any CPU
		{D4E5C22D-6A99-4F7C-A3E0-DD128B7E634D}.Release|Any CPU.Deploy.0 = Release|Any CPU
		{D4E5C22D-6A99-4F7C-A3E0-DD128B7E634D}.Release|ARM.ActiveCfg = Release|ARM
		{D4E5C22D-6A99-4F7C-A3E0-DD128B7E634D}.Release|ARM.Build.0 = Release|ARM
		{D4E5C22D-6A99-4F7C-A3E0-DD128B7E634D}.Release|ARM.Deploy.0 = Release|ARM
		{D4E5C22D-6A99-4F7C-A3E0-DD128B7E634D}.Release|iPhone.ActiveCfg = Release|Any CPU
		{D4E5C22D-6A99-4F7C-A3E0-DD128B7E634D}.Release|iPhone.Build.0 = Release|Any CPU
		{D4E5C22D-6A99-4F7C-A3E0-DD128B7E634D}.Release|iPhone.Deploy.0 = Release|Any CPU
		{D4E5C22D-6A99-4F7C-A3E0-DD128B7E634D}.Release|iPhoneSimulator.ActiveCfg = Release|Any CPU
		{D4E5C22D-6A99-4F7C-A3E0-DD128B7E634D}.Release|iPhoneSimulator.Build.0 = Release|Any CPU
		{D4E5C22D-6A99-4F7C-A3E0-DD128B7E634D}.Release|iPhoneSimulator.Deploy.0 = Release|Any CPU
		{D4E5C22D-6A99-4F7C-A3E0-DD128B7E634D}.Release|x64.ActiveCfg = Release|x64
		{D4E5C22D-6A99-4F7C-A3E0-DD128B7E634D}.Release|x64.Build.0 = Release|x64
		{D4E5C22D-6A99-4F7C-A3E0-DD128B7E634D}.Release|x64.Deploy.0 = Release|x64
		{D4E5C22D-6A99-4F7C-A3E0-DD128B7E634D}.Release|x86.ActiveCfg = Release|x86
		{D4E5C22D-6A99-4F7C-A3E0-DD128B7E634D}.Release|x86.Build.0 = Release|x86
		{D4E5C22D-6A99-4F7C-A3E0-DD128B7E634D}.Release|x86.Deploy.0 = Release|x86
		{34946D62-D529-430C-873A-08B38C0788C1}.Ad-Hoc|Any CPU.ActiveCfg = Release|Any CPU
		{34946D62-D529-430C-873A-08B38C0788C1}.Ad-Hoc|Any CPU.Build.0 = Release|Any CPU
		{34946D62-D529-430C-873A-08B38C0788C1}.Ad-Hoc|ARM.ActiveCfg = Release|Any CPU
		{34946D62-D529-430C-873A-08B38C0788C1}.Ad-Hoc|ARM.Build.0 = Release|Any CPU
		{34946D62-D529-430C-873A-08B38C0788C1}.Ad-Hoc|iPhone.ActiveCfg = Release|Any CPU
		{34946D62-D529-430C-873A-08B38C0788C1}.Ad-Hoc|iPhone.Build.0 = Release|Any CPU
		{34946D62-D529-430C-873A-08B38C0788C1}.Ad-Hoc|iPhoneSimulator.ActiveCfg = Release|Any CPU
		{34946D62-D529-430C-873A-08B38C0788C1}.Ad-Hoc|iPhoneSimulator.Build.0 = Release|Any CPU
		{34946D62-D529-430C-873A-08B38C0788C1}.Ad-Hoc|x64.ActiveCfg = Release|Any CPU
		{34946D62-D529-430C-873A-08B38C0788C1}.Ad-Hoc|x64.Build.0 = Release|Any CPU
		{34946D62-D529-430C-873A-08B38C0788C1}.Ad-Hoc|x86.ActiveCfg = Release|Any CPU
		{34946D62-D529-430C-873A-08B38C0788C1}.Ad-Hoc|x86.Build.0 = Release|Any CPU
		{34946D62-D529-430C-873A-08B38C0788C1}.AppStore|Any CPU.ActiveCfg = Release|Any CPU
		{34946D62-D529-430C-873A-08B38C0788C1}.AppStore|Any CPU.Build.0 = Release|Any CPU
		{34946D62-D529-430C-873A-08B38C0788C1}.AppStore|ARM.ActiveCfg = Release|Any CPU
		{34946D62-D529-430C-873A-08B38C0788C1}.AppStore|ARM.Build.0 = Release|Any CPU
		{34946D62-D529-430C-873A-08B38C0788C1}.AppStore|iPhone.ActiveCfg = Release|Any CPU
		{34946D62-D529-430C-873A-08B38C0788C1}.AppStore|iPhone.Build.0 = Release|Any CPU
		{34946D62-D529-430C-873A-08B38C0788C1}.AppStore|iPhoneSimulator.ActiveCfg = Release|Any CPU
		{34946D62-D529-430C-873A-08B38C0788C1}.AppStore|iPhoneSimulator.Build.0 = Release|Any CPU
		{34946D62-D529-430C-873A-08B38C0788C1}.AppStore|x64.ActiveCfg = Release|Any CPU
		{34946D62-D529-430C-873A-08B38C0788C1}.AppStore|x64.Build.0 = Release|Any CPU
		{34946D62-D529-430C-873A-08B38C0788C1}.AppStore|x86.ActiveCfg = Release|Any CPU
		{34946D62-D529-430C-873A-08B38C0788C1}.AppStore|x86.Build.0 = Release|Any CPU
		{34946D62-D529-430C-873A-08B38C0788C1}.Debug|Any CPU.ActiveCfg = Debug|Any CPU
		{34946D62-D529-430C-873A-08B38C0788C1}.Debug|Any CPU.Build.0 = Debug|Any CPU
		{34946D62-D529-430C-873A-08B38C0788C1}.Debug|ARM.ActiveCfg = Debug|Any CPU
		{34946D62-D529-430C-873A-08B38C0788C1}.Debug|ARM.Build.0 = Debug|Any CPU
		{34946D62-D529-430C-873A-08B38C0788C1}.Debug|iPhone.ActiveCfg = Debug|Any CPU
		{34946D62-D529-430C-873A-08B38C0788C1}.Debug|iPhone.Build.0 = Debug|Any CPU
		{34946D62-D529-430C-873A-08B38C0788C1}.Debug|iPhoneSimulator.ActiveCfg = Debug|Any CPU
		{34946D62-D529-430C-873A-08B38C0788C1}.Debug|iPhoneSimulator.Build.0 = Debug|Any CPU
		{34946D62-D529-430C-873A-08B38C0788C1}.Debug|x64.ActiveCfg = Debug|Any CPU
		{34946D62-D529-430C-873A-08B38C0788C1}.Debug|x64.Build.0 = Debug|Any CPU
		{34946D62-D529-430C-873A-08B38C0788C1}.Debug|x86.ActiveCfg = Debug|Any CPU
		{34946D62-D529-430C-873A-08B38C0788C1}.Debug|x86.Build.0 = Debug|Any CPU
		{34946D62-D529-430C-873A-08B38C0788C1}.Release|Any CPU.ActiveCfg = Release|Any CPU
		{34946D62-D529-430C-873A-08B38C0788C1}.Release|Any CPU.Build.0 = Release|Any CPU
		{34946D62-D529-430C-873A-08B38C0788C1}.Release|ARM.ActiveCfg = Release|Any CPU
		{34946D62-D529-430C-873A-08B38C0788C1}.Release|ARM.Build.0 = Release|Any CPU
		{34946D62-D529-430C-873A-08B38C0788C1}.Release|iPhone.ActiveCfg = Release|Any CPU
		{34946D62-D529-430C-873A-08B38C0788C1}.Release|iPhone.Build.0 = Release|Any CPU
		{34946D62-D529-430C-873A-08B38C0788C1}.Release|iPhoneSimulator.ActiveCfg = Release|Any CPU
		{34946D62-D529-430C-873A-08B38C0788C1}.Release|iPhoneSimulator.Build.0 = Release|Any CPU
		{34946D62-D529-430C-873A-08B38C0788C1}.Release|x64.ActiveCfg = Release|Any CPU
		{34946D62-D529-430C-873A-08B38C0788C1}.Release|x64.Build.0 = Release|Any CPU
		{34946D62-D529-430C-873A-08B38C0788C1}.Release|x86.ActiveCfg = Release|Any CPU
		{34946D62-D529-430C-873A-08B38C0788C1}.Release|x86.Build.0 = Release|Any CPU
	EndGlobalSection
	GlobalSection(SolutionProperties) = preSolution
		HideSolutionNode = FALSE
	EndGlobalSection
EndGlobal
